// !$*UTF8*$!
{
	archiveVersion = 1;
	classes = {
	};
	objectVersion = 77;
	objects = {

/* Begin PBXBuildFile section */
		CE6542062E9D273C0035C0A8 /* AppDevTutorialsApp.swift in Sources */ = {isa = PBXBuildFile; fileRef = CE6542022E9D273C0035C0A8 /* AppDevTutorialsApp.swift */; };
		CE6542082E9D273C0035C0A8 /* Preview Assets.xcassets in Resources */ = {isa = PBXBuildFile; fileRef = CE6542002E9D273C0035C0A8 /* Preview Assets.xcassets */; };
		CE6542092E9D273C0035C0A8 /* Assets.xcassets in Resources */ = {isa = PBXBuildFile; fileRef = CE6542032E9D273C0035C0A8 /* Assets.xcassets */; };
		CE782E542EA191AC00B6E61E /* MeetingView.swift in Sources */ = {isa = PBXBuildFile; fileRef = CE782E532EA191AC00B6E61E /* MeetingView.swift */; };
		CE782E572EA196AC00B6E61E /* ThemeKit in Frameworks */ = {isa = PBXBuildFile; productRef = CE782E562EA196AC00B6E61E /* ThemeKit */; };
		CE782E5A2EA1974700B6E61E /* DailyScrum.swift in Sources */ = {isa = PBXBuildFile; fileRef = CE782E592EA1974700B6E61E /* DailyScrum.swift */; };
		CE782E5D2EA1979000B6E61E /* DailyScrum+Sample.swift in Sources */ = {isa = PBXBuildFile; fileRef = CE782E5C2EA1979000B6E61E /* DailyScrum+Sample.swift */; };
		CE782E5F2EA1A7F800B6E61E /* CardView.swift in Sources */ = {isa = PBXBuildFile; fileRef = CE782E5E2EA1A7F800B6E61E /* CardView.swift */; };
		CE782E612EA1A91600B6E61E /* TrailingIconLabelStyle.swift in Sources */ = {isa = PBXBuildFile; fileRef = CE782E602EA1A91600B6E61E /* TrailingIconLabelStyle.swift */; };
		CE782E632EA1AB4800B6E61E /* ScrumsView.swift in Sources */ = {isa = PBXBuildFile; fileRef = CE782E622EA1AB4800B6E61E /* ScrumsView.swift */; };
		CE782E652EA1AF9900B6E61E /* DetailView.swift in Sources */ = {isa = PBXBuildFile; fileRef = CE782E642EA1AF9900B6E61E /* DetailView.swift */; };
/* End PBXBuildFile section */

/* Begin PBXFileReference section */
		CE6541EF2E9D27350035C0A8 /* AppDevTutorials.app */ = {isa = PBXFileReference; explicitFileType = wrapper.application; includeInIndex = 0; path = AppDevTutorials.app; sourceTree = BUILT_PRODUCTS_DIR; };
		CE6542002E9D273C0035C0A8 /* Preview Assets.xcassets */ = {isa = PBXFileReference; lastKnownFileType = folder.assetcatalog; path = "Preview Assets.xcassets"; sourceTree = "<group>"; };
		CE6542022E9D273C0035C0A8 /* AppDevTutorialsApp.swift */ = {isa = PBXFileReference; lastKnownFileType = sourcecode.swift; path = AppDevTutorialsApp.swift; sourceTree = "<group>"; };
		CE6542032E9D273C0035C0A8 /* Assets.xcassets */ = {isa = PBXFileReference; lastKnownFileType = folder.assetcatalog; path = Assets.xcassets; sourceTree = "<group>"; };
		CE782E532EA191AC00B6E61E /* MeetingView.swift */ = {isa = PBXFileReference; lastKnownFileType = sourcecode.swift; path = MeetingView.swift; sourceTree = "<group>"; };
		CE782E592EA1974700B6E61E /* DailyScrum.swift */ = {isa = PBXFileReference; lastKnownFileType = sourcecode.swift; path = DailyScrum.swift; sourceTree = "<group>"; };
		CE782E5C2EA1979000B6E61E /* DailyScrum+Sample.swift */ = {isa = PBXFileReference; lastKnownFileType = sourcecode.swift; path = "DailyScrum+Sample.swift"; sourceTree = "<group>"; };
		CE782E5E2EA1A7F800B6E61E /* CardView.swift */ = {isa = PBXFileReference; lastKnownFileType = sourcecode.swift; path = CardView.swift; sourceTree = "<group>"; };
		CE782E602EA1A91600B6E61E /* TrailingIconLabelStyle.swift */ = {isa = PBXFileReference; lastKnownFileType = sourcecode.swift; path = TrailingIconLabelStyle.swift; sourceTree = "<group>"; };
		CE782E622EA1AB4800B6E61E /* ScrumsView.swift */ = {isa = PBXFileReference; lastKnownFileType = sourcecode.swift; path = ScrumsView.swift; sourceTree = "<group>"; };
		CE782E642EA1AF9900B6E61E /* DetailView.swift */ = {isa = PBXFileReference; lastKnownFileType = sourcecode.swift; path = DetailView.swift; sourceTree = "<group>"; };
/* End PBXFileReference section */

/* Begin PBXFrameworksBuildPhase section */
		CE6541EC2E9D27350035C0A8 /* Frameworks */ = {
			isa = PBXFrameworksBuildPhase;
			buildActionMask = 2147483647;
			files = (
				CE782E572EA196AC00B6E61E /* ThemeKit in Frameworks */,
			);
			runOnlyForDeploymentPostprocessing = 0;
		};
/* End PBXFrameworksBuildPhase section */

/* Begin PBXGroup section */
		CE6541E62E9D27350035C0A8 = {
			isa = PBXGroup;
			children = (
				CE6542052E9D273C0035C0A8 /* AppDevTutorials */,
				CE6541F02E9D27350035C0A8 /* Products */,
			);
			sourceTree = "<group>";
		};
		CE6541F02E9D27350035C0A8 /* Products */ = {
			isa = PBXGroup;
			children = (
				CE6541EF2E9D27350035C0A8 /* AppDevTutorials.app */,
			);
			name = Products;
			sourceTree = "<group>";
		};
		CE6542012E9D273C0035C0A8 /* Preview Content */ = {
			isa = PBXGroup;
			children = (
				CE6542002E9D273C0035C0A8 /* Preview Assets.xcassets */,
			);
			path = "Preview Content";
			sourceTree = "<group>";
		};
		CE6542052E9D273C0035C0A8 /* AppDevTutorials */ = {
			isa = PBXGroup;
			children = (
				CE782E512EA1916100B6E61E /* Scrumdinger */,
				CE6542012E9D273C0035C0A8 /* Preview Content */,
				CE6542022E9D273C0035C0A8 /* AppDevTutorialsApp.swift */,
				CE6542032E9D273C0035C0A8 /* Assets.xcassets */,
			);
			path = AppDevTutorials;
			sourceTree = "<group>";
		};
		CE782E512EA1916100B6E61E /* Scrumdinger */ = {
			isa = PBXGroup;
			children = (
				CE782E5B2EA1977600B6E61E /* Extensions */,
				CE782E582EA1972000B6E61E /* Models */,
				CE782E522EA1917200B6E61E /* Views */,
			);
			path = Scrumdinger;
			sourceTree = "<group>";
		};
		CE782E522EA1917200B6E61E /* Views */ = {
			isa = PBXGroup;
			children = (
				CE782E532EA191AC00B6E61E /* MeetingView.swift */,
				CE782E5E2EA1A7F800B6E61E /* CardView.swift */,
				CE782E622EA1AB4800B6E61E /* ScrumsView.swift */,
				CE782E642EA1AF9900B6E61E /* DetailView.swift */,
			);
			path = Views;
			sourceTree = "<group>";
		};
		CE782E582EA1972000B6E61E /* Models */ = {
			isa = PBXGroup;
			children = (
				CE782E592EA1974700B6E61E /* DailyScrum.swift */,
			);
			path = Models;
			sourceTree = "<group>";
		};
		CE782E5B2EA1977600B6E61E /* Extensions */ = {
			isa = PBXGroup;
			children = (
				CE782E5C2EA1979000B6E61E /* DailyScrum+Sample.swift */,
				CE782E602EA1A91600B6E61E /* TrailingIconLabelStyle.swift */,
			);
			path = Extensions;
			sourceTree = "<group>";
		};
/* End PBXGroup section */

/* Begin PBXNativeTarget section */
		CE6541EE2E9D27350035C0A8 /* AppDevTutorials */ = {
			isa = PBXNativeTarget;
			buildConfigurationList = CE6541FD2E9D27360035C0A8 /* Build configuration list for PBXNativeTarget "AppDevTutorials" */;
			buildPhases = (
				CE6541EB2E9D27350035C0A8 /* Sources */,
				CE6541EC2E9D27350035C0A8 /* Frameworks */,
				CE6541ED2E9D27350035C0A8 /* Resources */,
			);
			buildRules = (
			);
			dependencies = (
			);
			name = AppDevTutorials;
			packageProductDependencies = (
				CE782E562EA196AC00B6E61E /* ThemeKit */,
			);
			productName = AppDevTutorials;
			productReference = CE6541EF2E9D27350035C0A8 /* AppDevTutorials.app */;
			productType = "com.apple.product-type.application";
		};
/* End PBXNativeTarget section */

/* Begin PBXProject section */
		CE6541E72E9D27350035C0A8 /* Project object */ = {
			isa = PBXProject;
			attributes = {
				BuildIndependentTargetsInParallel = 1;
				LastSwiftUpdateCheck = 1620;
				LastUpgradeCheck = 2600;
				TargetAttributes = {
					CE6541EE2E9D27350035C0A8 = {
						CreatedOnToolsVersion = 16.2;
					};
				};
			};
			buildConfigurationList = CE6541EA2E9D27350035C0A8 /* Build configuration list for PBXProject "AppDevTutorials" */;
			developmentRegion = en;
			hasScannedForEncodings = 0;
			knownRegions = (
				en,
				Base,
			);
			mainGroup = CE6541E62E9D27350035C0A8;
			minimizedProjectReferenceProxies = 1;
			packageReferences = (
				CE782E552EA196AC00B6E61E /* XCLocalSwiftPackageReference "../../../../Downloads/CreatingACardView 2/StartingProject/TutorialResources/ThemeKit" */,
			);
			preferredProjectObjectVersion = 77;
			productRefGroup = CE6541F02E9D27350035C0A8 /* Products */;
			projectDirPath = "";
			projectRoot = "";
			targets = (
				CE6541EE2E9D27350035C0A8 /* AppDevTutorials */,
			);
		};
/* End PBXProject section */

/* Begin PBXResourcesBuildPhase section */
		CE6541ED2E9D27350035C0A8 /* Resources */ = {
			isa = PBXResourcesBuildPhase;
			buildActionMask = 2147483647;
			files = (
				CE6542082E9D273C0035C0A8 /* Preview Assets.xcassets in Resources */,
				CE6542092E9D273C0035C0A8 /* Assets.xcassets in Resources */,
			);
			runOnlyForDeploymentPostprocessing = 0;
		};
/* End PBXResourcesBuildPhase section */

/* Begin PBXSourcesBuildPhase section */
		CE6541EB2E9D27350035C0A8 /* Sources */ = {
			isa = PBXSourcesBuildPhase;
			buildActionMask = 2147483647;
			files = (
				CE782E5D2EA1979000B6E61E /* DailyScrum+Sample.swift in Sources */,
				CE782E652EA1AF9900B6E61E /* DetailView.swift in Sources */,
				CE782E612EA1A91600B6E61E /* TrailingIconLabelStyle.swift in Sources */,
				CE6542062E9D273C0035C0A8 /* AppDevTutorialsApp.swift in Sources */,
				CE782E632EA1AB4800B6E61E /* ScrumsView.swift in Sources */,
				CE782E5A2EA1974700B6E61E /* DailyScrum.swift in Sources */,
				CE782E542EA191AC00B6E61E /* MeetingView.swift in Sources */,
				CE782E5F2EA1A7F800B6E61E /* CardView.swift in Sources */,
			);
			runOnlyForDeploymentPostprocessing = 0;
		};
/* End PBXSourcesBuildPhase section */

/* Begin XCBuildConfiguration section */
		CE6541FB2E9D27360035C0A8 /* Debug */ = {
			isa = XCBuildConfiguration;
			buildSettings = {
				ALWAYS_SEARCH_USER_PATHS = NO;
				ASSETCATALOG_COMPILER_GENERATE_SWIFT_ASSET_SYMBOL_EXTENSIONS = YES;
				CLANG_ANALYZER_NONNULL = YES;
				CLANG_ANALYZER_NUMBER_OBJECT_CONVERSION = YES_AGGRESSIVE;
				CLANG_CXX_LANGUAGE_STANDARD = "gnu++20";
				CLANG_ENABLE_MODULES = YES;
				CLANG_ENABLE_OBJC_ARC = YES;
				CLANG_ENABLE_OBJC_WEAK = YES;
				CLANG_WARN_BLOCK_CAPTURE_AUTORELEASING = YES;
				CLANG_WARN_BOOL_CONVERSION = YES;
				CLANG_WARN_COMMA = YES;
				CLANG_WARN_CONSTANT_CONVERSION = YES;
				CLANG_WARN_DEPRECATED_OBJC_IMPLEMENTATIONS = YES;
				CLANG_WARN_DIRECT_OBJC_ISA_USAGE = YES_ERROR;
				CLANG_WARN_DOCUMENTATION_COMMENTS = YES;
				CLANG_WARN_EMPTY_BODY = YES;
				CLANG_WARN_ENUM_CONVERSION = YES;
				CLANG_WARN_INFINITE_RECURSION = YES;
				CLANG_WARN_INT_CONVERSION = YES;
				CLANG_WARN_NON_LITERAL_NULL_CONVERSION = YES;
				CLANG_WARN_OBJC_IMPLICIT_RETAIN_SELF = YES;
				CLANG_WARN_OBJC_LITERAL_CONVERSION = YES;
				CLANG_WARN_OBJC_ROOT_CLASS = YES_ERROR;
				CLANG_WARN_QUOTED_INCLUDE_IN_FRAMEWORK_HEADER = YES;
				CLANG_WARN_RANGE_LOOP_ANALYSIS = YES;
				CLANG_WARN_STRICT_PROTOTYPES = YES;
				CLANG_WARN_SUSPICIOUS_MOVE = YES;
				CLANG_WARN_UNGUARDED_AVAILABILITY = YES_AGGRESSIVE;
				CLANG_WARN_UNREACHABLE_CODE = YES;
				CLANG_WARN__DUPLICATE_METHOD_MATCH = YES;
				COPY_PHASE_STRIP = NO;
				DEBUG_INFORMATION_FORMAT = dwarf;
				DEVELOPMENT_TEAM = 56S6D7P45J;
				ENABLE_STRICT_OBJC_MSGSEND = YES;
				ENABLE_TESTABILITY = YES;
				ENABLE_USER_SCRIPT_SANDBOXING = YES;
				GCC_C_LANGUAGE_STANDARD = gnu17;
				GCC_DYNAMIC_NO_PIC = NO;
				GCC_NO_COMMON_BLOCKS = YES;
				GCC_OPTIMIZATION_LEVEL = 0;
				GCC_PREPROCESSOR_DEFINITIONS = (
					"DEBUG=1",
					"$(inherited)",
				);
				GCC_WARN_64_TO_32_BIT_CONVERSION = YES;
				GCC_WARN_ABOUT_RETURN_TYPE = YES_ERROR;
				GCC_WARN_UNDECLARED_SELECTOR = YES;
				GCC_WARN_UNINITIALIZED_AUTOS = YES_AGGRESSIVE;
				GCC_WARN_UNUSED_FUNCTION = YES;
				GCC_WARN_UNUSED_VARIABLE = YES;
				IPHONEOS_DEPLOYMENT_TARGET = 18.2;
				LOCALIZATION_PREFERS_STRING_CATALOGS = YES;
				MTL_ENABLE_DEBUG_INFO = INCLUDE_SOURCE;
				MTL_FAST_MATH = YES;
				ONLY_ACTIVE_ARCH = YES;
				SDKROOT = iphoneos;
				STRING_CATALOG_GENERATE_SYMBOLS = YES;
				SWIFT_ACTIVE_COMPILATION_CONDITIONS = "DEBUG $(inherited)";
				SWIFT_OPTIMIZATION_LEVEL = "-Onone";
			};
			name = Debug;
		};
		CE6541FC2E9D27360035C0A8 /* Release */ = {
			isa = XCBuildConfiguration;
			buildSettings = {
				ALWAYS_SEARCH_USER_PATHS = NO;
				ASSETCATALOG_COMPILER_GENERATE_SWIFT_ASSET_SYMBOL_EXTENSIONS = YES;
				CLANG_ANALYZER_NONNULL = YES;
				CLANG_ANALYZER_NUMBER_OBJECT_CONVERSION = YES_AGGRESSIVE;
				CLANG_CXX_LANGUAGE_STANDARD = "gnu++20";
				CLANG_ENABLE_MODULES = YES;
				CLANG_ENABLE_OBJC_ARC = YES;
				CLANG_ENABLE_OBJC_WEAK = YES;
				CLANG_WARN_BLOCK_CAPTURE_AUTORELEASING = YES;
				CLANG_WARN_BOOL_CONVERSION = YES;
				CLANG_WARN_COMMA = YES;
				CLANG_WARN_CONSTANT_CONVERSION = YES;
				CLANG_WARN_DEPRECATED_OBJC_IMPLEMENTATIONS = YES;
				CLANG_WARN_DIRECT_OBJC_ISA_USAGE = YES_ERROR;
				CLANG_WARN_DOCUMENTATION_COMMENTS = YES;
				CLANG_WARN_EMPTY_BODY = YES;
				CLANG_WARN_ENUM_CONVERSION = YES;
				CLANG_WARN_INFINITE_RECURSION = YES;
				CLANG_WARN_INT_CONVERSION = YES;
				CLANG_WARN_NON_LITERAL_NULL_CONVERSION = YES;
				CLANG_WARN_OBJC_IMPLICIT_RETAIN_SELF = YES;
				CLANG_WARN_OBJC_LITERAL_CONVERSION = YES;
				CLANG_WARN_OBJC_ROOT_CLASS = YES_ERROR;
				CLANG_WARN_QUOTED_INCLUDE_IN_FRAMEWORK_HEADER = YES;
				CLANG_WARN_RANGE_LOOP_ANALYSIS = YES;
				CLANG_WARN_STRICT_PROTOTYPES = YES;
				CLANG_WARN_SUSPICIOUS_MOVE = YES;
				CLANG_WARN_UNGUARDED_AVAILABILITY = YES_AGGRESSIVE;
				CLANG_WARN_UNREACHABLE_CODE = YES;
				CLANG_WARN__DUPLICATE_METHOD_MATCH = YES;
				COPY_PHASE_STRIP = NO;
				DEBUG_INFORMATION_FORMAT = "dwarf-with-dsym";
				DEVELOPMENT_TEAM = 56S6D7P45J;
				ENABLE_NS_ASSERTIONS = NO;
				ENABLE_STRICT_OBJC_MSGSEND = YES;
				ENABLE_USER_SCRIPT_SANDBOXING = YES;
				GCC_C_LANGUAGE_STANDARD = gnu17;
				GCC_NO_COMMON_BLOCKS = YES;
				GCC_WARN_64_TO_32_BIT_CONVERSION = YES;
				GCC_WARN_ABOUT_RETURN_TYPE = YES_ERROR;
				GCC_WARN_UNDECLARED_SELECTOR = YES;
				GCC_WARN_UNINITIALIZED_AUTOS = YES_AGGRESSIVE;
				GCC_WARN_UNUSED_FUNCTION = YES;
				GCC_WARN_UNUSED_VARIABLE = YES;
				IPHONEOS_DEPLOYMENT_TARGET = 18.2;
				LOCALIZATION_PREFERS_STRING_CATALOGS = YES;
				MTL_ENABLE_DEBUG_INFO = NO;
				MTL_FAST_MATH = YES;
				SDKROOT = iphoneos;
				STRING_CATALOG_GENERATE_SYMBOLS = YES;
				SWIFT_COMPILATION_MODE = wholemodule;
				VALIDATE_PRODUCT = YES;
			};
			name = Release;
		};
		CE6541FE2E9D27360035C0A8 /* Debug */ = {
			isa = XCBuildConfiguration;
			buildSettings = {
				ASSETCATALOG_COMPILER_APPICON_NAME = AppIcon;
				ASSETCATALOG_COMPILER_GLOBAL_ACCENT_COLOR_NAME = AccentColor;
				ASSETCATALOG_COMPILER_INCLUDE_ALL_APPICON_ASSETS = NO;
				CODE_SIGN_STYLE = Automatic;
				CURRENT_PROJECT_VERSION = 1;
				DEVELOPMENT_ASSET_PATHS = "\"AppDevTutorials/Preview Content\"";
				ENABLE_PREVIEWS = YES;
				GENERATE_INFOPLIST_FILE = YES;
				INFOPLIST_KEY_UIApplicationSceneManifest_Generation = YES;
				INFOPLIST_KEY_UIApplicationSupportsIndirectInputEvents = YES;
				INFOPLIST_KEY_UILaunchScreen_Generation = YES;
				INFOPLIST_KEY_UISupportedInterfaceOrientations_iPad = "UIInterfaceOrientationPortrait UIInterfaceOrientationPortraitUpsideDown UIInterfaceOrientationLandscapeLeft UIInterfaceOrientationLandscapeRight";
				INFOPLIST_KEY_UISupportedInterfaceOrientations_iPhone = "UIInterfaceOrientationPortrait UIInterfaceOrientationLandscapeLeft UIInterfaceOrientationLandscapeRight";
				LD_RUNPATH_SEARCH_PATHS = (
					"$(inherited)",
					"@executable_path/Frameworks",
				);
				MARKETING_VERSION = 1.0;
				PRODUCT_BUNDLE_IDENTIFIER = michael.AppDevTutorials;
				PRODUCT_NAME = "$(TARGET_NAME)";
				SWIFT_EMIT_LOC_STRINGS = YES;
				SWIFT_VERSION = 5.0;
				TARGETED_DEVICE_FAMILY = "1,2";
			};
			name = Debug;
		};
		CE6541FF2E9D27360035C0A8 /* Release */ = {
			isa = XCBuildConfiguration;
			buildSettings = {
				ASSETCATALOG_COMPILER_APPICON_NAME = AppIcon;
				ASSETCATALOG_COMPILER_GLOBAL_ACCENT_COLOR_NAME = AccentColor;
				ASSETCATALOG_COMPILER_INCLUDE_ALL_APPICON_ASSETS = NO;
				CODE_SIGN_STYLE = Automatic;
				CURRENT_PROJECT_VERSION = 1;
				DEVELOPMENT_ASSET_PATHS = "\"AppDevTutorials/Preview Content\"";
				ENABLE_PREVIEWS = YES;
				GENERATE_INFOPLIST_FILE = YES;
				INFOPLIST_KEY_UIApplicationSceneManifest_Generation = YES;
				INFOPLIST_KEY_UIApplicationSupportsIndirectInputEvents = YES;
				INFOPLIST_KEY_UILaunchScreen_Generation = YES;
				INFOPLIST_KEY_UISupportedInterfaceOrientations_iPad = "UIInterfaceOrientationPortrait UIInterfaceOrientationPortraitUpsideDown UIInterfaceOrientationLandscapeLeft UIInterfaceOrientationLandscapeRight";
				INFOPLIST_KEY_UISupportedInterfaceOrientations_iPhone = "UIInterfaceOrientationPortrait UIInterfaceOrientationLandscapeLeft UIInterfaceOrientationLandscapeRight";
				LD_RUNPATH_SEARCH_PATHS = (
					"$(inherited)",
					"@executable_path/Frameworks",
				);
				MARKETING_VERSION = 1.0;
				PRODUCT_BUNDLE_IDENTIFIER = michael.AppDevTutorials;
				PRODUCT_NAME = "$(TARGET_NAME)";
				SWIFT_EMIT_LOC_STRINGS = YES;
				SWIFT_VERSION = 5.0;
				TARGETED_DEVICE_FAMILY = "1,2";
			};
			name = Release;
		};
/* End XCBuildConfiguration section */

/* Begin XCConfigurationList section */
		CE6541EA2E9D27350035C0A8 /* Build configuration list for PBXProject "AppDevTutorials" */ = {
			isa = XCConfigurationList;
			buildConfigurations = (
				CE6541FB2E9D27360035C0A8 /* Debug */,
				CE6541FC2E9D27360035C0A8 /* Release */,
			);
			defaultConfigurationIsVisible = 0;
			defaultConfigurationName = Release;
		};
		CE6541FD2E9D27360035C0A8 /* Build configuration list for PBXNativeTarget "AppDevTutorials" */ = {
			isa = XCConfigurationList;
			buildConfigurations = (
				CE6541FE2E9D27360035C0A8 /* Debug */,
				CE6541FF2E9D27360035C0A8 /* Release */,
			);
			defaultConfigurationIsVisible = 0;
			defaultConfigurationName = Release;
		};
/* End XCConfigurationList section */

/* Begin XCLocalSwiftPackageReference section */
		CE782E552EA196AC00B6E61E /* XCLocalSwiftPackageReference "../../../../Downloads/CreatingACardView 2/StartingProject/TutorialResources/ThemeKit" */ = {
			isa = XCLocalSwiftPackageReference;
			relativePath = "../../../../Downloads/CreatingACardView 2/StartingProject/TutorialResources/ThemeKit";
		};
/* End XCLocalSwiftPackageReference section */

/* Begin XCSwiftPackageProductDependency section */
		CE782E562EA196AC00B6E61E /* ThemeKit */ = {
			isa = XCSwiftPackageProductDependency;
			productName = ThemeKit;
		};
/* End XCSwiftPackageProductDependency section */
	};
	rootObject = CE6541E72E9D27350035C0A8 /* Project object */;
}
